// !$*UTF8*$!
{
	archiveVersion = 1;
	classes = {
	};
	objectVersion = 46;
	objects = {

/* Begin PBXBuildFile section */
		BB92C56F1E554CD500D78490 /* AppDelegate.swift in Sources */ = {isa = PBXBuildFile; fileRef = BB92C56E1E554CD500D78490 /* AppDelegate.swift */; };
		BB92C5711E554CD500D78490 /* ViewController.swift in Sources */ = {isa = PBXBuildFile; fileRef = BB92C5701E554CD500D78490 /* ViewController.swift */; };
		BB92C5741E554CD500D78490 /* Main.storyboard in Resources */ = {isa = PBXBuildFile; fileRef = BB92C5721E554CD500D78490 /* Main.storyboard */; };
		BB92C5761E554CD500D78490 /* Assets.xcassets in Resources */ = {isa = PBXBuildFile; fileRef = BB92C5751E554CD500D78490 /* Assets.xcassets */; };
		BB92C5791E554CD500D78490 /* LaunchScreen.storyboard in Resources */ = {isa = PBXBuildFile; fileRef = BB92C5771E554CD500D78490 /* LaunchScreen.storyboard */; };
/* End PBXBuildFile section */

/* Begin PBXFileReference section */
		BB92C56B1E554CD500D78490 /* Motivational Quotes.app */ = {isa = PBXFileReference; explicitFileType = wrapper.application; includeInIndex = 0; path = "Motivational Quotes.app"; sourceTree = BUILT_PRODUCTS_DIR; };
		BB92C56E1E554CD500D78490 /* AppDelegate.swift */ = {isa = PBXFileReference; lastKnownFileType = sourcecode.swift; path = AppDelegate.swift; sourceTree = "<group>"; };
		BB92C5701E554CD500D78490 /* ViewController.swift */ = {isa = PBXFileReference; lastKnownFileType = sourcecode.swift; path = ViewController.swift; sourceTree = "<group>"; };
		BB92C5731E554CD500D78490 /* Base */ = {isa = PBXFileReference; lastKnownFileType = file.storyboard; name = Base; path = Base.lproj/Main.storyboard; sourceTree = "<group>"; };
		BB92C5751E554CD500D78490 /* Assets.xcassets */ = {isa = PBXFileReference; lastKnownFileType = folder.assetcatalog; path = Assets.xcassets; sourceTree = "<group>"; };
		BB92C5781E554CD500D78490 /* Base */ = {isa = PBXFileReference; lastKnownFileType = file.storyboard; name = Base; path = Base.lproj/LaunchScreen.storyboard; sourceTree = "<group>"; };
		BB92C57A1E554CD500D78490 /* Info.plist */ = {isa = PBXFileReference; lastKnownFileType = text.plist.xml; path = Info.plist; sourceTree = "<group>"; };
/* End PBXFileReference section */

/* Begin PBXFrameworksBuildPhase section */
		BB92C5681E554CD500D78490 /* Frameworks */ = {
			isa = PBXFrameworksBuildPhase;
			buildActionMask = 2147483647;
			files = (
			);
			runOnlyForDeploymentPostprocessing = 0;
		};
/* End PBXFrameworksBuildPhase section */

/* Begin PBXGroup section */
		BB92C5621E554CD500D78490 = {
			isa = PBXGroup;
			children = (
				BB92C56D1E554CD500D78490 /* Motivational Quotes */,
				BB92C56C1E554CD500D78490 /* Products */,
			);
			sourceTree = "<group>";
		};
		BB92C56C1E554CD500D78490 /* Products */ = {
			isa = PBXGroup;
			children = (
				BB92C56B1E554CD500D78490 /* Motivational Quotes.app */,
			);
			name = Products;
			sourceTree = "<group>";
		};
		BB92C56D1E554CD500D78490 /* Motivational Quotes */ = {
			isa = PBXGroup;
			children = (
				BB92C56E1E554CD500D78490 /* AppDelegate.swift */,
				BB92C5701E554CD500D78490 /* ViewController.swift */,
				BB92C5721E554CD500D78490 /* Main.storyboard */,
				BB92C5751E554CD500D78490 /* Assets.xcassets */,
				BB92C5771E554CD500D78490 /* LaunchScreen.storyboard */,
				BB92C57A1E554CD500D78490 /* Info.plist */,
			);
			path = "Motivational Quotes";
			sourceTree = "<group>";
		};
/* End PBXGroup section */

/* Begin PBXNativeTarget section */
		BB92C56A1E554CD500D78490 /* Motivational Quotes */ = {
			isa = PBXNativeTarget;
			buildConfigurationList = BB92C57D1E554CD500D78490 /* Build configuration list for PBXNativeTarget "Motivational Quotes" */;
			buildPhases = (
				BB92C5671E554CD500D78490 /* Sources */,
				BB92C5681E554CD500D78490 /* Frameworks */,
				BB92C5691E554CD500D78490 /* Resources */,
			);
			buildRules = (
			);
			dependencies = (
			);
			name = "Motivational Quotes";
			productName = "Motivational Quotes";
			productReference = BB92C56B1E554CD500D78490 /* Motivational Quotes.app */;
			productType = "com.apple.product-type.application";
		};
/* End PBXNativeTarget section */

/* Begin PBXProject section */
		BB92C5631E554CD500D78490 /* Project object */ = {
			isa = PBXProject;
			attributes = {
				LastSwiftUpdateCheck = 0810;
				LastUpgradeCheck = 0810;
				ORGANIZATIONNAME = iamhenri;
				TargetAttributes = {
					BB92C56A1E554CD500D78490 = {
						CreatedOnToolsVersion = 8.1;
						DevelopmentTeam = J3559347UX;
						ProvisioningStyle = Automatic;
					};
				};
			};
			buildConfigurationList = BB92C5661E554CD500D78490 /* Build configuration list for PBXProject "Motivational Quotes" */;
			compatibilityVersion = "Xcode 3.2";
			developmentRegion = English;
			hasScannedForEncodings = 0;
			knownRegions = (
				en,
				Base,
			);
			mainGroup = BB92C5621E554CD500D78490;
			productRefGroup = BB92C56C1E554CD500D78490 /* Products */;
			projectDirPath = "";
			projectRoot = "";
			targets = (
				BB92C56A1E554CD500D78490 /* Motivational Quotes */,
			);
		};
/* End PBXProject section */

/* Begin PBXResourcesBuildPhase section */
		BB92C5691E554CD500D78490 /* Resources */ = {
			isa = PBXResourcesBuildPhase;
			buildActionMask = 2147483647;
			files = (
				BB92C5791E554CD500D78490 /* LaunchScreen.storyboard in Resources */,
				BB92C5761E554CD500D78490 /* Assets.xcassets in Resources */,
				BB92C5741E554CD500D78490 /* Main.storyboard in Resources */,
			);
			runOnlyForDeploymentPostprocessing = 0;
		};
/* End PBXResourcesBuildPhase section */

/* Begin PBXSourcesBuildPhase section */
		BB92C5671E554CD500D78490 /* Sources */ = {
			isa = PBXSourcesBuildPhase;
			buildActionMask = 2147483647;
			files = (
				BB92C5711E554CD500D78490 /* ViewController.swift in Sources */,
				BB92C56F1E554CD500D78490 /* AppDelegate.swift in Sources */,
			);
			runOnlyForDeploymentPostprocessing = 0;
		};
/* End PBXSourcesBuildPhase section */

/* Begin PBXVariantGroup section */
		BB92C5721E554CD500D78490 /* Main.storyboard */ = {
			isa = PBXVariantGroup;
			children = (
				BB92C5731E554CD500D78490 /* Base */,
			);
			name = Main.storyboard;
			sourceTree = "<group>";
		};
		BB92C5771E554CD500D78490 /* LaunchScreen.storyboard */ = {
			isa = PBXVariantGroup;
			children = (
				BB92C5781E554CD500D78490 /* Base */,
			);
			name = LaunchScreen.storyboard;
			sourceTree = "<group>";
		};
/* End PBXVariantGroup section */

/* Begin XCBuildConfiguration section */
		BB92C57B1E554CD500D78490 /* Debug */ = {
			isa = XCBuildConfiguration;
			buildSettings = {
				ALWAYS_SEARCH_USER_PATHS = NO;
				CLANG_ANALYZER_NONNULL = YES;
				CLANG_CXX_LANGUAGE_STANDARD = "gnu++0x";
				CLANG_CXX_LIBRARY = "libc++";
				CLANG_ENABLE_MODULES = YES;
				CLANG_ENABLE_OBJC_ARC = YES;
				CLANG_WARN_BOOL_CONVERSION = YES;
				CLANG_WARN_CONSTANT_CONVERSION = YES;
				CLANG_WARN_DIRECT_OBJC_ISA_USAGE = YES_ERROR;
				CLANG_WARN_DOCUMENTATION_COMMENTS = YES;
				CLANG_WARN_EMPTY_BODY = YES;
				CLANG_WARN_ENUM_CONVERSION = YES;
				CLANG_WARN_INFINITE_RECURSION = YES;
				CLANG_WARN_INT_CONVERSION = YES;
				CLANG_WARN_OBJC_ROOT_CLASS = YES_ERROR;
				CLANG_WARN_SUSPICIOUS_MOVES = YES;
				CLANG_WARN_UNREACHABLE_CODE = YES;
				CLANG_WARN__DUPLICATE_METHOD_MATCH = YES;
				"CODE_SIGN_IDENTITY[sdk=iphoneos*]" = "iPhone Developer";
				COPY_PHASE_STRIP = NO;
				DEBUG_INFORMATION_FORMAT = dwarf;
				ENABLE_STRICT_OBJC_MSGSEND = YES;
				ENABLE_TESTABILITY = YES;
				GCC_C_LANGUAGE_STANDARD = gnu99;
				GCC_DYNAMIC_NO_PIC = NO;
				GCC_NO_COMMON_BLOCKS = YES;
				GCC_OPTIMIZATION_LEVEL = 0;
				GCC_PREPROCESSOR_DEFINITIONS = (
					"DEBUG=1",
					"$(inherited)",
				);
				GCC_WARN_64_TO_32_BIT_CONVERSION = YES;
				GCC_WARN_ABOUT_RETURN_TYPE = YES_ERROR;
				GCC_WARN_UNDECLARED_SELECTOR = YES;
				GCC_WARN_UNINITIALIZED_AUTOS = YES_AGGRESSIVE;
				GCC_WARN_UNUSED_FUNCTION = YES;
				GCC_WARN_UNUSED_VARIABLE = YES;
				IPHONEOS_DEPLOYMENT_TARGET = 10.1;
				MTL_ENABLE_DEBUG_INFO = YES;
				ONLY_ACTIVE_ARCH = YES;
				SDKROOT = iphoneos;
				SWIFT_ACTIVE_COMPILATION_CONDITIONS = DEBUG;
				SWIFT_OPTIMIZATION_LEVEL = "-Onone";
				TARGETED_DEVICE_FAMILY = "1,2";
			};
			name = Debug;
		};
		BB92C57C1E554CD500D78490 /* Release */ = {
			isa = XCBuildConfiguration;
			buildSettings = {
				ALWAYS_SEARCH_USER_PATHS = NO;
				CLANG_ANALYZER_NONNULL = YES;
				CLANG_CXX_LANGUAGE_STANDARD = "gnu++0x";
				CLANG_CXX_LIBRARY = "libc++";
				CLANG_ENABLE_MODULES = YES;
				CLANG_ENABLE_OBJC_ARC = YES;
				CLANG_WARN_BOOL_CONVERSION = YES;
				CLANG_WARN_CONSTANT_CONVERSION = YES;
				CLANG_WARN_DIRECT_OBJC_ISA_USAGE = YES_ERROR;
				CLANG_WARN_DOCUMENTATION_COMMENTS = YES;
				CLANG_WARN_EMPTY_BODY = YES;
				CLANG_WARN_ENUM_CONVERSION = YES;
				CLANG_WARN_INFINITE_RECURSION = YES;
				CLANG_WARN_INT_CONVERSION = YES;
				CLANG_WARN_OBJC_ROOT_CLASS = YES_ERROR;
				CLANG_WARN_SUSPICIOUS_MOVES = YES;
				CLANG_WARN_UNREACHABLE_CODE = YES;
				CLANG_WARN__DUPLICATE_METHOD_MATCH = YES;
				"CODE_SIGN_IDENTITY[sdk=iphoneos*]" = "iPhone Developer";
				COPY_PHASE_STRIP = NO;
				DEBUG_INFORMATION_FORMAT = "dwarf-with-dsym";
				ENABLE_NS_ASSERTIONS = NO;
				ENABLE_STRICT_OBJC_MSGSEND = YES;
				GCC_C_LANGUAGE_STANDARD = gnu99;
				GCC_NO_COMMON_BLOCKS = YES;
				GCC_WARN_64_TO_32_BIT_CONVERSION = YES;
				GCC_WARN_ABOUT_RETURN_TYPE = YES_ERROR;
				GCC_WARN_UNDECLARED_SELECTOR = YES;
				GCC_WARN_UNINITIALIZED_AUTOS = YES_AGGRESSIVE;
				GCC_WARN_UNUSED_FUNCTION = YES;
				GCC_WARN_UNUSED_VARIABLE = YES;
				IPHONEOS_DEPLOYMENT_TARGET = 10.1;
				MTL_ENABLE_DEBUG_INFO = NO;
				SDKROOT = iphoneos;
				SWIFT_OPTIMIZATION_LEVEL = "-Owholemodule";
				TARGETED_DEVICE_FAMILY = "1,2";
				VALIDATE_PRODUCT = YES;
			};
			name = Release;
		};
		BB92C57E1E554CD500D78490 /* Debug */ = {
			isa = XCBuildConfiguration;
			buildSettings = {
				ASSETCATALOG_COMPILER_APPICON_NAME = AppIcon;
				DEVELOPMENT_TEAM = J3559347UX;
				INFOPLIST_FILE = "Motivational Quotes/Info.plist";
				LD_RUNPATH_SEARCH_PATHS = "$(inherited) @executable_path/Frameworks";
				PRODUCT_BUNDLE_IDENTIFIER = "com.iamhenri.Motivational-Quotes";
				PRODUCT_NAME = "$(TARGET_NAME)";
				SWIFT_VERSION = 3.0;
			};
			name = Debug;
		};
		BB92C57F1E554CD500D78490 /* Release */ = {
			isa = XCBuildConfiguration;
			buildSettings = {
				ASSETCATALOG_COMPILER_APPICON_NAME = AppIcon;
				DEVELOPMENT_TEAM = J3559347UX;
				INFOPLIST_FILE = "Motivational Quotes/Info.plist";
				LD_RUNPATH_SEARCH_PATHS = "$(inherited) @executable_path/Frameworks";
				PRODUCT_BUNDLE_IDENTIFIER = "com.iamhenri.Motivational-Quotes";
				PRODUCT_NAME = "$(TARGET_NAME)";
				SWIFT_VERSION = 3.0;
			};
			name = Release;
		};
/* End XCBuildConfiguration section */

/* Begin XCConfigurationList section */
		BB92C5661E554CD500D78490 /* Build configuration list for PBXProject "Motivational Quotes" */ = {
			isa = XCConfigurationList;
			buildConfigurations = (
				BB92C57B1E554CD500D78490 /* Debug */,
				BB92C57C1E554CD500D78490 /* Release */,
			);
			defaultConfigurationIsVisible = 0;
			defaultConfigurationName = Release;
		};
		BB92C57D1E554CD500D78490 /* Build configuration list for PBXNativeTarget "Motivational Quotes" */ = {
			isa = XCConfigurationList;
			buildConfigurations = (
				BB92C57E1E554CD500D78490 /* Debug */,
				BB92C57F1E554CD500D78490 /* Release */,
			);
			defaultConfigurationIsVisible = 0;
		};
/* End XCConfigurationList section */
	};
	rootObject = BB92C5631E554CD500D78490 /* Project object */;
}
